
Microsoft Visual Studio Solution File, Format Version 12.00
# Visual Studio 15
VisualStudioVersion = 15.0.27004.2002
MinimumVisualStudioVersion = 10.0.40219.1
Project("{FAE04EC0-301F-11D3-BF4B-00C04F79EFBC}") = "Talladega_HII", "Talladega_HII\Talladega_HII.csproj", "{9B6C395A-5AF4-4D9D-834C-70D2B4867CCA}"
EndProject
Global
	GlobalSection(SolutionConfigurationPlatforms) = preSolution
		Debug|Any CPU = Debug|Any CPU
		Release|Any CPU = Release|Any CPU
	EndGlobalSection
	GlobalSection(ProjectConfigurationPlatforms) = postSolution
		{9B6C395A-5AF4-4D9D-834C-70D2B4867CCA}.Debug|Any CPU.ActiveCfg = Debug|Any CPU
		{9B6C395A-5AF4-4D9D-834C-70D2B4867CCA}.Debug|Any CPU.Build.0 = Debug|Any CPU
		{9B6C395A-5AF4-4D9D-834C-70D2B4867CCA}.Release|Any CPU.ActiveCfg = Release|Any CPU
		{9B6C395A-5AF4-4D9D-834C-70D2B4867CCA}.Release|Any CPU.Build.0 = Release|Any CPU
	EndGlobalSection
	GlobalSection(SolutionProperties) = preSolution
		HideSolutionNode = FALSE
	EndGlobalSection
	GlobalSection(ExtensibilityGlobals) = postSolution
		SolutionGuid = {4472D797-6A4C-4658-896C-4415262E1BB4}
	EndGlobalSection
EndGlobal
